
Microsoft Visual Studio Solution File, Format Version 12.00
# Visual Studio Version 17
VisualStudioVersion = 17.8.34511.84
MinimumVisualStudioVersion = 10.0.40219.1
Project("{FAE04EC0-301F-11D3-BF4B-00C04F79EFBC}") = "Delivery", "Delivery\Delivery.csproj", "{88F76793-3699-4788-A95A-089F4DECCBBB}"
EndProject
Global
	GlobalSection(SolutionConfigurationPlatforms) = preSolution
		Debug|Any CPU = Debug|Any CPU
		Release|Any CPU = Release|Any CPU
	EndGlobalSection
	GlobalSection(ProjectConfigurationPlatforms) = postSolution
		{88F76793-3699-4788-A95A-089F4DECCBBB}.Debug|Any CPU.ActiveCfg = Debug|Any CPU
		{88F76793-3699-4788-A95A-089F4DECCBBB}.Debug|Any CPU.Build.0 = Debug|Any CPU
		{88F76793-3699-4788-A95A-089F4DECCBBB}.Release|Any CPU.ActiveCfg = Release|Any CPU
		{88F76793-3699-4788-A95A-089F4DECCBBB}.Release|Any CPU.Build.0 = Release|Any CPU
	EndGlobalSection
	GlobalSection(SolutionProperties) = preSolution
		HideSolutionNode = FALSE
	EndGlobalSection
	GlobalSection(ExtensibilityGlobals) = postSolution
		SolutionGuid = {63308AC7-4F87-4473-A07E-247030DD81E7}
	EndGlobalSection
EndGlobal
